<?xml version="1.0" encoding="utf-8"?>
<Project ToolsVersion="4.0" xmlns="http://schemas.microsoft.com/developer/msbuild/2003">
  <ItemGroup>
    <Filter Include="Source Files">
      <UniqueIdentifier>{4FC737F1-C7A5-4376-A066-2A32D752A2FF}</UniqueIdentifier>
      <Extensions>cpp;c;cc;cxx;def;odl;idl;hpj;bat;asm;asmx</Extensions>
    </Filter>
    <Filter Include="Header Files">
      <UniqueIdentifier>{93995380-89BD-4b04-88EB-625FBE52EBFB}</UniqueIdentifier>
      <Extensions>h;hpp;hxx;hm;inl;inc;xsd</Extensions>
    </Filter>
    <Filter Include="Resource Files">
      <UniqueIdentifier>{67DA6AB6-F800-4c08-8B7A-83BB121AAD01}</UniqueIdentifier>
      <Extensions>rc;ico;cur;bmp;dlg;rc2;rct;bin;rgs;gif;jpg;jpeg;jpe;resx;tiff;tif;png;wav;mfcribbon-ms</Extensions>
    </Filter>
  </ItemGroup>
  <ItemGroup>
    <None Include="ReadMe.txt" />
    <None Include="app.ico">
      <Filter>Resource Files</Filter>
    </None>
  </ItemGroup>
  <ItemGroup>
    <ClCompile Include="AcadSecManagementSystem.cpp">
      <Filter>Source Files</Filter>
    </ClCompile>
    <ClCompile Include="AssemblyInfo.cpp">
      <Filter>Source Files</Filter>
    </ClCompile>
    <ClCompile Include="stdafx.cpp">
      <Filter>Source Files</Filter>
    </ClCompile>
    <ClCompile Include="Constants.cpp">
      <Filter>Source Files</Filter>
    </ClCompile>
    <ClCompile Include="StudentHome.cpp">
      <Filter>Source Files</Filter>
    </ClCompile>
    <ClCompile Include="ProfDashboard.cpp">
      <Filter>Source Files</Filter>
    </ClCompile>
    <ClCompile Include="ProfTimetable.cpp">
      <Filter>Source Files</Filter>
    </ClCompile>
    <ClCompile Include="StudentTimetable.cpp">
      <Filter>Source Files</Filter>
    </ClCompile>
    <ClCompile Include="LoginDashboard.cpp">
      <Filter>Source Files</Filter>
    </ClCompile>
    <ClCompile Include="LoginInnerScreen.cpp">
      <Filter>Source Files</Filter>
    </ClCompile>
    <ClCompile Include="StudentExamSchedule.cpp">
      <Filter>Source Files</Filter>
    </ClCompile>
  </ItemGroup>
  <ItemGroup>
    <ClInclude Include="stdafx.h">
      <Filter>Header Files</Filter>
    </ClInclude>
    <ClInclude Include="resource.h">
      <Filter>Header Files</Filter>
    </ClInclude>
    <ClInclude Include="StudentDashboard.h">
      <Filter>Header Files</Filter>
    </ClInclude>
    <ClInclude Include="Constants.h">
      <Filter>Header Files</Filter>
    </ClInclude>
    <ClInclude Include="StudentHome.h">
      <Filter>Header Files</Filter>
    </ClInclude>
    <ClInclude Include="ProfDashboard.h">
      <Filter>Header Files</Filter>
    </ClInclude>
    <ClInclude Include="ProfTimetable.h">
      <Filter>Header Files</Filter>
    </ClInclude>
    <ClInclude Include="StudentTimetable.h">
      <Filter>Header Files</Filter>
    </ClInclude>
    <ClInclude Include="LoginDashboard.h">
      <Filter>Header Files</Filter>
    </ClInclude>
    <ClInclude Include="LoginInnerScreen.h">
      <Filter>Header Files</Filter>
    </ClInclude>
    <ClInclude Include="StudentExamSchedule.h">
      <Filter>Header Files</Filter>
    </ClInclude>
  </ItemGroup>
  <ItemGroup>
    <ResourceCompile Include="app.rc">
      <Filter>Resource Files</Filter>
    </ResourceCompile>
  </ItemGroup>
  <ItemGroup>
    <EmbeddedResource Include="StudentDashboard.resX">
      <Filter>Resource Files</Filter>
    </EmbeddedResource>
    <EmbeddedResource Include="StudentHome.resx">
      <Filter>Resource Files</Filter>
    </EmbeddedResource>
    <EmbeddedResource Include="ProfDashboard.resx">
      <Filter>Resource Files</Filter>
    </EmbeddedResource>
    <EmbeddedResource Include="ProfTimetable.resx">
      <Filter>Resource Files</Filter>
    </EmbeddedResource>
    <EmbeddedResource Include="StudentTimetable.resx">
      <Filter>Resource Files</Filter>
    </EmbeddedResource>
  </ItemGroup>