<?xml version="1.0" encoding="utf-8"?>
<Project ToolsVersion="4.0" xmlns="http://schemas.microsoft.com/developer/msbuild/2003">
  <ItemGroup>
    <ClCompile Include="AcadSecManagementSystem.cpp" />
    <ClCompile Include="AssemblyInfo.cpp" />
    <ClCompile Include="Constants.cpp" />
    <ClCompile Include="ProfDashboard.cpp" />
    <ClCompile Include="ProfTimetable.cpp" />
    <ClCompile Include="LoginDashboard.cpp" />
    <ClCompile Include="LoginInnerScreen.cpp" />
    <ClCompile Include="stdafx.cpp" />
    <ClCompile Include="StudentExamSchedule.cpp" />
    <ClCompile Include="StudentHome.cpp" />
    <ClCompile Include="StudentTimetable.cpp" />
    <ClCompile Include="AdminDashboard.cpp" />
    <ClCompile Include="ViewRecords.cpp" />
    <ClCompile Include="StudentCourseReg.cpp" />
  </ItemGroup>
  <ItemGroup>
    <ClInclude Include="Constants.h" />
    <ClInclude Include="LoginDashboard.h" />
    <ClInclude Include="LoginInnerScreen.h" />
    <ClInclude Include="ProfDashboard.h" />
    <ClInclude Include="ProfTimetable.h" />
    <ClInclude Include="StudentDashboard.h" />
    <ClInclude Include="resource.h" />
    <ClInclude Include="stdafx.h" />
    <ClInclude Include="StudentExamSchedule.h" />
    <ClInclude Include="StudentHome.h" />
    <ClInclude Include="StudentTimetable.h" />
    <ClInclude Include="AdminDashboard.h" />
    <ClInclude Include="ViewRecords.h" />
    <ClInclude Include="StudentCourseReg.h" />
  </ItemGroup>
  <ItemGroup>
    <ResourceCompile Include="app.rc" />
  </ItemGroup>
  <ItemGroup>
    <EmbeddedResource Include="ProfDashboard.resx" />
    <EmbeddedResource Include="ProfTimetable.resx" />
    <EmbeddedResource Include="LoginDashboard.resx" />
    <EmbeddedResource Include="LoginInnerScreen.resx" />
    <EmbeddedResource Include="StudentDashboard.resX" />
    <EmbeddedResource Include="StudentExamSchedule.resx" />
    <EmbeddedResource Include="StudentHome.resx" />
    <EmbeddedResource Include="StudentTimetable.resx" />
    <EmbeddedResource Include="AdminDashboard.resx" />
    <EmbeddedResource Include="StudentCourseReg.resx" />
  </ItemGroup>
  <ItemGroup>
    <None Include="app.ico" />
    <None Include="ReadMe.txt" />
  </ItemGroup>
</Project>